
Microsoft Visual Studio Solution File, Format Version 12.00
# Visual Studio 15
VisualStudioVersion = 15.0.28307.271
MinimumVisualStudioVersion = 10.0.40219.1
Project("{FAE04EC0-301F-11D3-BF4B-00C04F79EFBC}") = "WindowsFormsApp3", "WindowsFormsApp3\WindowsFormsApp3.csproj", "{CCEDA92C-FBEF-41D1-8179-27B3881EDBFF}"
EndProject
Global
	GlobalSection(SolutionConfigurationPlatforms) = preSolution
		Debug|Any CPU = Debug|Any CPU
		Release|Any CPU = Release|Any CPU
	EndGlobalSection
	GlobalSection(ProjectConfigurationPlatforms) = postSolution
		{CCEDA92C-FBEF-41D1-8179-27B3881EDBFF}.Debug|Any CPU.ActiveCfg = Debug|Any CPU
		{CCEDA92C-FBEF-41D1-8179-27B3881EDBFF}.Debug|Any CPU.Build.0 = Debug|Any CPU
		{CCEDA92C-FBEF-41D1-8179-27B3881EDBFF}.Release|Any CPU.ActiveCfg = Release|Any CPU
		{CCEDA92C-FBEF-41D1-8179-27B3881EDBFF}.Release|Any CPU.Build.0 = Release|Any CPU
	EndGlobalSection
	GlobalSection(SolutionProperties) = preSolution
		HideSolutionNode = FALSE
	EndGlobalSection
	GlobalSection(ExtensibilityGlobals) = postSolution
		SolutionGuid = {9F6600F9-CBBF-4410-A242-65EE5A122DCC}
	EndGlobalSection
EndGlobal
